# THIS IS AN AUTOGENERATED FILE. DO NOT EDIT THIS FILE DIRECTLY.
# yarn lockfile v1


kirbe@0.0.4:
  version "0.0.4"
  resolved "https://registry.yarnpkg.com/kirbe/-/kirbe-0.0.4.tgz#49b80f08e5d6acf642d2812615fc1dc1182bba9e"
  integrity sha512-yvJtW1SBQOMO0XfadteyijGxI0J7kaFL+/A29p5724aSQURcuh0ytM7VJHACzRwwClbaYT5/eId3sNHPdjs1IQ==
